
Microsoft Visual Studio Solution File, Format Version 12.00
# Visual Studio Version 17
VisualStudioVersion = 17.13.35806.99 d17.13
MinimumVisualStudioVersion = 10.0.40219.1
Project("{FAE04EC0-301F-11D3-BF4B-00C04F79EFBC}") = "23_Mart_Tekrar4", "23_Mart_Tekrar4\23_Mart_Tekrar4.csproj", "{38231A85-F3A1-4B46-9AF6-20BEBEE149C2}"
EndProject
Global
	GlobalSection(SolutionConfigurationPlatforms) = preSolution
		Debug|Any CPU = Debug|Any CPU
		Release|Any CPU = Release|Any CPU
	EndGlobalSection
	GlobalSection(ProjectConfigurationPlatforms) = postSolution
		{38231A85-F3A1-4B46-9AF6-20BEBEE149C2}.Debug|Any CPU.ActiveCfg = Debug|Any CPU
		{38231A85-F3A1-4B46-9AF6-20BEBEE149C2}.Debug|Any CPU.Build.0 = Debug|Any CPU
		{38231A85-F3A1-4B46-9AF6-20BEBEE149C2}.Release|Any CPU.ActiveCfg = Release|Any CPU
		{38231A85-F3A1-4B46-9AF6-20BEBEE149C2}.Release|Any CPU.Build.0 = Release|Any CPU
	EndGlobalSection
	GlobalSection(SolutionProperties) = preSolution
		HideSolutionNode = FALSE
	EndGlobalSection
	GlobalSection(ExtensibilityGlobals) = postSolution
		SolutionGuid = {413473E7-2105-4281-920A-B5052E4D632A}
	EndGlobalSection
EndGlobal
